// !$*UTF8*$!
{
	archiveVersion = 1;
	classes = {
	};
	objectVersion = 55;
	objects = {

/* Begin PBXBuildFile section */
		5AE1B296280C8E0F00C3F695 /* SwiftUIMapApp.swift in Sources */ = {isa = PBXBuildFile; fileRef = 5AE1B295280C8E0F00C3F695 /* SwiftUIMapApp.swift */; };
		5AE1B298280C8E0F00C3F695 /* ContentView.swift in Sources */ = {isa = PBXBuildFile; fileRef = 5AE1B297280C8E0F00C3F695 /* ContentView.swift */; };
		5AE1B29D280C8E1100C3F695 /* Preview Assets.xcassets in Resources */ = {isa = PBXBuildFile; fileRef = 5AE1B29C280C8E1100C3F695 /* Preview Assets.xcassets */; };
		5AE1B2A4280C8EE600C3F695 /* Assets.xcassets in Resources */ = {isa = PBXBuildFile; fileRef = 5AE1B2A3280C8EE600C3F695 /* Assets.xcassets */; };
		5AE1B2A9280C903800C3F695 /* Location.swift in Sources */ = {isa = PBXBuildFile; fileRef = 5AE1B2A8280C903800C3F695 /* Location.swift */; };
		5AE1B2AE280C915A00C3F695 /* LocationsDataService.swift in Sources */ = {isa = PBXBuildFile; fileRef = 5AE1B2AD280C915A00C3F695 /* LocationsDataService.swift */; };
		5AE1B2B0280C91B000C3F695 /* LocationsView.swift in Sources */ = {isa = PBXBuildFile; fileRef = 5AE1B2AF280C91B000C3F695 /* LocationsView.swift */; };
		5AE1B2B2280C93E400C3F695 /* LocationsViewModel.swift in Sources */ = {isa = PBXBuildFile; fileRef = 5AE1B2B1280C93E400C3F695 /* LocationsViewModel.swift */; };
		5AE1B2B4280C9AE400C3F695 /* LocationListView.swift in Sources */ = {isa = PBXBuildFile; fileRef = 5AE1B2B3280C9AE400C3F695 /* LocationListView.swift */; };
		5AE1B2B6280CA0D100C3F695 /* LocationPreviewView.swift in Sources */ = {isa = PBXBuildFile; fileRef = 5AE1B2B5280CA0D100C3F695 /* LocationPreviewView.swift */; };
		5AE1B2B8280CAA6900C3F695 /* LocationMapAnnotationView.swift in Sources */ = {isa = PBXBuildFile; fileRef = 5AE1B2B7280CAA6900C3F695 /* LocationMapAnnotationView.swift */; };
		5AE1B2BA280CAD9600C3F695 /* LocationDetailView.swift in Sources */ = {isa = PBXBuildFile; fileRef = 5AE1B2B9280CAD9600C3F695 /* LocationDetailView.swift */; };
/* End PBXBuildFile section */

/* Begin PBXFileReference section */
		5AE1B292280C8E0F00C3F695 /* SwiftUIMap.app */ = {isa = PBXFileReference; explicitFileType = wrapper.application; includeInIndex = 0; path = SwiftUIMap.app; sourceTree = BUILT_PRODUCTS_DIR; };
		5AE1B295280C8E0F00C3F695 /* SwiftUIMapApp.swift */ = {isa = PBXFileReference; lastKnownFileType = sourcecode.swift; path = SwiftUIMapApp.swift; sourceTree = "<group>"; };
		5AE1B297280C8E0F00C3F695 /* ContentView.swift */ = {isa = PBXFileReference; lastKnownFileType = sourcecode.swift; path = ContentView.swift; sourceTree = "<group>"; };
		5AE1B29C280C8E1100C3F695 /* Preview Assets.xcassets */ = {isa = PBXFileReference; lastKnownFileType = folder.assetcatalog; path = "Preview Assets.xcassets"; sourceTree = "<group>"; };
		5AE1B2A3280C8EE600C3F695 /* Assets.xcassets */ = {isa = PBXFileReference; lastKnownFileType = folder.assetcatalog; path = Assets.xcassets; sourceTree = "<group>"; };
		5AE1B2A8280C903800C3F695 /* Location.swift */ = {isa = PBXFileReference; lastKnownFileType = sourcecode.swift; path = Location.swift; sourceTree = "<group>"; };
		5AE1B2AD280C915A00C3F695 /* LocationsDataService.swift */ = {isa = PBXFileReference; fileEncoding = 4; lastKnownFileType = sourcecode.swift; path = LocationsDataService.swift; sourceTree = "<group>"; };
		5AE1B2AF280C91B000C3F695 /* LocationsView.swift */ = {isa = PBXFileReference; lastKnownFileType = sourcecode.swift; path = LocationsView.swift; sourceTree = "<group>"; };
		5AE1B2B1280C93E400C3F695 /* LocationsViewModel.swift */ = {isa = PBXFileReference; lastKnownFileType = sourcecode.swift; path = LocationsViewModel.swift; sourceTree = "<group>"; };
		5AE1B2B3280C9AE400C3F695 /* LocationListView.swift */ = {isa = PBXFileReference; lastKnownFileType = sourcecode.swift; path = LocationListView.swift; sourceTree = "<group>"; };
		5AE1B2B5280CA0D100C3F695 /* LocationPreviewView.swift */ = {isa = PBXFileReference; lastKnownFileType = sourcecode.swift; path = LocationPreviewView.swift; sourceTree = "<group>"; };
		5AE1B2B7280CAA6900C3F695 /* LocationMapAnnotationView.swift */ = {isa = PBXFileReference; lastKnownFileType = sourcecode.swift; path = LocationMapAnnotationView.swift; sourceTree = "<group>"; };
		5AE1B2B9280CAD9600C3F695 /* LocationDetailView.swift */ = {isa = PBXFileReference; lastKnownFileType = sourcecode.swift; path = LocationDetailView.swift; sourceTree = "<group>"; };
		5AE1B2BB280CB77E00C3F695 /* Info.plist */ = {isa = PBXFileReference; lastKnownFileType = text.plist; path = Info.plist; sourceTree = "<group>"; };
/* End PBXFileReference section */

/* Begin PBXFrameworksBuildPhase section */
		5AE1B28F280C8E0F00C3F695 /* Frameworks */ = {
			isa = PBXFrameworksBuildPhase;
			buildActionMask = 2147483647;
			files = (
			);
			runOnlyForDeploymentPostprocessing = 0;
		};
/* End PBXFrameworksBuildPhase section */

/* Begin PBXGroup section */
		5AE1B289280C8E0F00C3F695 = {
			isa = PBXGroup;
			children = (
				5AE1B294280C8E0F00C3F695 /* MapApp */,
				5AE1B293280C8E0F00C3F695 /* Products */,
			);
			sourceTree = "<group>";
		};
		5AE1B293280C8E0F00C3F695 /* Products */ = {
			isa = PBXGroup;
			children = (
				5AE1B292280C8E0F00C3F695 /* SwiftUIMap.app */,
			);
			name = Products;
			sourceTree = "<group>";
		};
		5AE1B294280C8E0F00C3F695 /* MapApp */ = {
			isa = PBXGroup;
			children = (
				5AE1B2BB280CB77E00C3F695 /* Info.plist */,
				5AE1B295280C8E0F00C3F695 /* SwiftUIMapApp.swift */,
				5AE1B297280C8E0F00C3F695 /* ContentView.swift */,
				5AE1B2A3280C8EE600C3F695 /* Assets.xcassets */,
				5AE1B2AC280C913800C3F695 /* MoksDataServices */,
				5AE1B2A7280C900800C3F695 /* ViewModels */,
				5AE1B2A6280C8FF200C3F695 /* Views */,
				5AE1B2A5280C8FED00C3F695 /* Models */,
				5AE1B29B280C8E1100C3F695 /* Preview Content */,
			);
			path = MapApp;
			sourceTree = "<group>";
		};
		5AE1B29B280C8E1100C3F695 /* Preview Content */ = {
			isa = PBXGroup;
			children = (
				5AE1B29C280C8E1100C3F695 /* Preview Assets.xcassets */,
			);
			path = "Preview Content";
			sourceTree = "<group>";
		};
		5AE1B2A5280C8FED00C3F695 /* Models */ = {
			isa = PBXGroup;
			children = (
				5AE1B2A8280C903800C3F695 /* Location.swift */,
			);
			path = Models;
			sourceTree = "<group>";
		};
		5AE1B2A6280C8FF200C3F695 /* Views */ = {
			isa = PBXGroup;
			children = (
				5AE1B2B3280C9AE400C3F695 /* LocationListView.swift */,
				5AE1B2AF280C91B000C3F695 /* LocationsView.swift */,
				5AE1B2B5280CA0D100C3F695 /* LocationPreviewView.swift */,
				5AE1B2B7280CAA6900C3F695 /* LocationMapAnnotationView.swift */,
				5AE1B2B9280CAD9600C3F695 /* LocationDetailView.swift */,
			);
			path = Views;
			sourceTree = "<group>";
		};
		5AE1B2A7280C900800C3F695 /* ViewModels */ = {
			isa = PBXGroup;
			children = (
				5AE1B2B1280C93E400C3F695 /* LocationsViewModel.swift */,
			);
			path = ViewModels;
			sourceTree = "<group>";
		};
		5AE1B2AC280C913800C3F695 /* MoksDataServices */ = {
			isa = PBXGroup;
			children = (
				5AE1B2AD280C915A00C3F695 /* LocationsDataService.swift */,
			);
			path = MoksDataServices;
			sourceTree = "<group>";
		};
/* End PBXGroup section */

/* Begin PBXNativeTarget section */
		5AE1B291280C8E0F00C3F695 /* MapApp */ = {
			isa = PBXNativeTarget;
			buildConfigurationList = 5AE1B2A0280C8E1100C3F695 /* Build configuration list for PBXNativeTarget "MapApp" */;
			buildPhases = (
				5AE1B28E280C8E0F00C3F695 /* Sources */,
				5AE1B28F280C8E0F00C3F695 /* Frameworks */,
				5AE1B290280C8E0F00C3F695 /* Resources */,
			);
			buildRules = (
			);
			dependencies = (
			);
			name = MapApp;
			productName = MapApp;
			productReference = 5AE1B292280C8E0F00C3F695 /* SwiftUIMap.app */;
			productType = "com.apple.product-type.application";
		};
/* End PBXNativeTarget section */

/* Begin PBXProject section */
		5AE1B28A280C8E0F00C3F695 /* Project object */ = {
			isa = PBXProject;
			attributes = {
				BuildIndependentTargetsInParallel = 1;
				LastSwiftUpdateCheck = 1320;
				LastUpgradeCheck = 1320;
				TargetAttributes = {
					5AE1B291280C8E0F00C3F695 = {
						CreatedOnToolsVersion = 13.2.1;
					};
				};
			};
			buildConfigurationList = 5AE1B28D280C8E0F00C3F695 /* Build configuration list for PBXProject "MapApp" */;
			compatibilityVersion = "Xcode 13.0";
			developmentRegion = en;
			hasScannedForEncodings = 0;
			knownRegions = (
				en,
				Base,
			);
			mainGroup = 5AE1B289280C8E0F00C3F695;
			productRefGroup = 5AE1B293280C8E0F00C3F695 /* Products */;
			projectDirPath = "";
			projectRoot = "";
			targets = (
				5AE1B291280C8E0F00C3F695 /* MapApp */,
			);
		};
/* End PBXProject section */

/* Begin PBXResourcesBuildPhase section */
		5AE1B290280C8E0F00C3F695 /* Resources */ = {
			isa = PBXResourcesBuildPhase;
			buildActionMask = 2147483647;
			files = (
				5AE1B2A4280C8EE600C3F695 /* Assets.xcassets in Resources */,
				5AE1B29D280C8E1100C3F695 /* Preview Assets.xcassets in Resources */,
			);
			runOnlyForDeploymentPostprocessing = 0;
		};
/* End PBXResourcesBuildPhase section */

/* Begin PBXSourcesBuildPhase section */
		5AE1B28E280C8E0F00C3F695 /* Sources */ = {
			isa = PBXSourcesBuildPhase;
			buildActionMask = 2147483647;
			files = (
				5AE1B2AE280C915A00C3F695 /* LocationsDataService.swift in Sources */,
				5AE1B2B8280CAA6900C3F695 /* LocationMapAnnotationView.swift in Sources */,
				5AE1B2B2280C93E400C3F695 /* LocationsViewModel.swift in Sources */,
				5AE1B2B6280CA0D100C3F695 /* LocationPreviewView.swift in Sources */,
				5AE1B298280C8E0F00C3F695 /* ContentView.swift in Sources */,
				5AE1B2B0280C91B000C3F695 /* LocationsView.swift in Sources */,
				5AE1B2B4280C9AE400C3F695 /* LocationListView.swift in Sources */,
				5AE1B2A9280C903800C3F695 /* Location.swift in Sources */,
				5AE1B2BA280CAD9600C3F695 /* LocationDetailView.swift in Sources */,
				5AE1B296280C8E0F00C3F695 /* SwiftUIMapApp.swift in Sources */,
			);
			runOnlyForDeploymentPostprocessing = 0;
		};
/* End PBXSourcesBuildPhase section */

/* Begin XCBuildConfiguration section */
		5AE1B29E280C8E1100C3F695 /* Debug */ = {
			isa = XCBuildConfiguration;
			buildSettings = {
				ALWAYS_SEARCH_USER_PATHS = NO;
				CLANG_ANALYZER_NONNULL = YES;
				CLANG_ANALYZER_NUMBER_OBJECT_CONVERSION = YES_AGGRESSIVE;
				CLANG_CXX_LANGUAGE_STANDARD = "gnu++17";
				CLANG_CXX_LIBRARY = "libc++";
				CLANG_ENABLE_MODULES = YES;
				CLANG_ENABLE_OBJC_ARC = YES;
				CLANG_ENABLE_OBJC_WEAK = YES;
				CLANG_WARN_BLOCK_CAPTURE_AUTORELEASING = YES;
				CLANG_WARN_BOOL_CONVERSION = YES;
				CLANG_WARN_COMMA = YES;
				CLANG_WARN_CONSTANT_CONVERSION = YES;
				CLANG_WARN_DEPRECATED_OBJC_IMPLEMENTATIONS = YES;
				CLANG_WARN_DIRECT_OBJC_ISA_USAGE = YES_ERROR;
				CLANG_WARN_DOCUMENTATION_COMMENTS = YES;
				CLANG_WARN_EMPTY_BODY = YES;
				CLANG_WARN_ENUM_CONVERSION = YES;
				CLANG_WARN_INFINITE_RECURSION = YES;
				CLANG_WARN_INT_CONVERSION = YES;
				CLANG_WARN_NON_LITERAL_NULL_CONVERSION = YES;
				CLANG_WARN_OBJC_IMPLICIT_RETAIN_SELF = YES;
				CLANG_WARN_OBJC_LITERAL_CONVERSION = YES;
				CLANG_WARN_OBJC_ROOT_CLASS = YES_ERROR;
				CLANG_WARN_QUOTED_INCLUDE_IN_FRAMEWORK_HEADER = YES;
				CLANG_WARN_RANGE_LOOP_ANALYSIS = YES;
				CLANG_WARN_STRICT_PROTOTYPES = YES;
				CLANG_WARN_SUSPICIOUS_MOVE = YES;
				CLANG_WARN_UNGUARDED_AVAILABILITY = YES_AGGRESSIVE;
				CLANG_WARN_UNREACHABLE_CODE = YES;
				CLANG_WARN__DUPLICATE_METHOD_MATCH = YES;
				COPY_PHASE_STRIP = NO;
				DEBUG_INFORMATION_FORMAT = dwarf;
				ENABLE_STRICT_OBJC_MSGSEND = YES;
				ENABLE_TESTABILITY = YES;
				GCC_C_LANGUAGE_STANDARD = gnu11;
				GCC_DYNAMIC_NO_PIC = NO;
				GCC_NO_COMMON_BLOCKS = YES;
				GCC_OPTIMIZATION_LEVEL = 0;
				GCC_PREPROCESSOR_DEFINITIONS = (
					"DEBUG=1",
					"$(inherited)",
				);
				GCC_WARN_64_TO_32_BIT_CONVERSION = YES;
				GCC_WARN_ABOUT_RETURN_TYPE = YES_ERROR;
				GCC_WARN_UNDECLARED_SELECTOR = YES;
				GCC_WARN_UNINITIALIZED_AUTOS = YES_AGGRESSIVE;
				GCC_WARN_UNUSED_FUNCTION = YES;
				GCC_WARN_UNUSED_VARIABLE = YES;
				IPHONEOS_DEPLOYMENT_TARGET = 15.2;
				MTL_ENABLE_DEBUG_INFO = INCLUDE_SOURCE;
				MTL_FAST_MATH = YES;
				ONLY_ACTIVE_ARCH = YES;
				SDKROOT = iphoneos;
				SWIFT_ACTIVE_COMPILATION_CONDITIONS = DEBUG;
				SWIFT_OPTIMIZATION_LEVEL = "-Onone";
			};
			name = Debug;
		};
		5AE1B29F280C8E1100C3F695 /* Release */ = {
			isa = XCBuildConfiguration;
			buildSettings = {
				ALWAYS_SEARCH_USER_PATHS = NO;
				CLANG_ANALYZER_NONNULL = YES;
				CLANG_ANALYZER_NUMBER_OBJECT_CONVERSION = YES_AGGRESSIVE;
				CLANG_CXX_LANGUAGE_STANDARD = "gnu++17";
				CLANG_CXX_LIBRARY = "libc++";
				CLANG_ENABLE_MODULES = YES;
				CLANG_ENABLE_OBJC_ARC = YES;
				CLANG_ENABLE_OBJC_WEAK = YES;
				CLANG_WARN_BLOCK_CAPTURE_AUTORELEASING = YES;
				CLANG_WARN_BOOL_CONVERSION = YES;
				CLANG_WARN_COMMA = YES;
				CLANG_WARN_CONSTANT_CONVERSION = YES;
				CLANG_WARN_DEPRECATED_OBJC_IMPLEMENTATIONS = YES;
				CLANG_WARN_DIRECT_OBJC_ISA_USAGE = YES_ERROR;
				CLANG_WARN_DOCUMENTATION_COMMENTS = YES;
				CLANG_WARN_EMPTY_BODY = YES;
				CLANG_WARN_ENUM_CONVERSION = YES;
				CLANG_WARN_INFINITE_RECURSION = YES;
				CLANG_WARN_INT_CONVERSION = YES;
				CLANG_WARN_NON_LITERAL_NULL_CONVERSION = YES;
				CLANG_WARN_OBJC_IMPLICIT_RETAIN_SELF = YES;
				CLANG_WARN_OBJC_LITERAL_CONVERSION = YES;
				CLANG_WARN_OBJC_ROOT_CLASS = YES_ERROR;
				CLANG_WARN_QUOTED_INCLUDE_IN_FRAMEWORK_HEADER = YES;
				CLANG_WARN_RANGE_LOOP_ANALYSIS = YES;
				CLANG_WARN_STRICT_PROTOTYPES = YES;
				CLANG_WARN_SUSPICIOUS_MOVE = YES;
				CLANG_WARN_UNGUARDED_AVAILABILITY = YES_AGGRESSIVE;
				CLANG_WARN_UNREACHABLE_CODE = YES;
				CLANG_WARN__DUPLICATE_METHOD_MATCH = YES;
				COPY_PHASE_STRIP = NO;
				DEBUG_INFORMATION_FORMAT = "dwarf-with-dsym";
				ENABLE_NS_ASSERTIONS = NO;
				ENABLE_STRICT_OBJC_MSGSEND = YES;
				GCC_C_LANGUAGE_STANDARD = gnu11;
				GCC_NO_COMMON_BLOCKS = YES;
				GCC_WARN_64_TO_32_BIT_CONVERSION = YES;
				GCC_WARN_ABOUT_RETURN_TYPE = YES_ERROR;
				GCC_WARN_UNDECLARED_SELECTOR = YES;
				GCC_WARN_UNINITIALIZED_AUTOS = YES_AGGRESSIVE;
				GCC_WARN_UNUSED_FUNCTION = YES;
				GCC_WARN_UNUSED_VARIABLE = YES;
				IPHONEOS_DEPLOYMENT_TARGET = 15.2;
				MTL_ENABLE_DEBUG_INFO = NO;
				MTL_FAST_MATH = YES;
				SDKROOT = iphoneos;
				SWIFT_COMPILATION_MODE = wholemodule;
				SWIFT_OPTIMIZATION_LEVEL = "-O";
				VALIDATE_PRODUCT = YES;
			};
			name = Release;
		};
		5AE1B2A1280C8E1100C3F695 /* Debug */ = {
			isa = XCBuildConfiguration;
			buildSettings = {
				ASSETCATALOG_COMPILER_APPICON_NAME = AppIcon;
				ASSETCATALOG_COMPILER_GLOBAL_ACCENT_COLOR_NAME = AccentColor;
				CODE_SIGN_STYLE = Automatic;
				CURRENT_PROJECT_VERSION = 1;
				DEVELOPMENT_ASSET_PATHS = "\"MapApp/Preview Content\"";
				DEVELOPMENT_TEAM = 92PU6D6MCQ;
				ENABLE_PREVIEWS = YES;
				GENERATE_INFOPLIST_FILE = YES;
				INFOPLIST_FILE = MapApp/Info.plist;
				INFOPLIST_KEY_UIApplicationSceneManifest_Generation = YES;
				INFOPLIST_KEY_UIApplicationSupportsIndirectInputEvents = YES;
				INFOPLIST_KEY_UISupportedInterfaceOrientations_iPad = "UIInterfaceOrientationPortrait UIInterfaceOrientationPortraitUpsideDown UIInterfaceOrientationLandscapeLeft UIInterfaceOrientationLandscapeRight";
				INFOPLIST_KEY_UISupportedInterfaceOrientations_iPhone = "UIInterfaceOrientationPortrait UIInterfaceOrientationLandscapeLeft UIInterfaceOrientationLandscapeRight";
				LD_RUNPATH_SEARCH_PATHS = (
					"$(inherited)",
					"@executable_path/Frameworks",
				);
				MARKETING_VERSION = 1.0;
				PRODUCT_BUNDLE_IDENTIFIER = "SwiftUIMap.-SwiftUIMap";
				PRODUCT_NAME = SwiftUIMap;
				SWIFT_EMIT_LOC_STRINGS = YES;
				SWIFT_VERSION = 5.0;
				TARGETED_DEVICE_FAMILY = "1,2";
			};
			name = Debug;
		};
		5AE1B2A2280C8E1100C3F695 /* Release */ = {
			isa = XCBuildConfiguration;
			buildSettings = {
				ASSETCATALOG_COMPILER_APPICON_NAME = AppIcon;
				ASSETCATALOG_COMPILER_GLOBAL_ACCENT_COLOR_NAME = AccentColor;
				CODE_SIGN_STYLE = Automatic;
				CURRENT_PROJECT_VERSION = 1;
				DEVELOPMENT_ASSET_PATHS = "\"MapApp/Preview Content\"";
				DEVELOPMENT_TEAM = 92PU6D6MCQ;
				ENABLE_PREVIEWS = YES;
				GENERATE_INFOPLIST_FILE = YES;
				INFOPLIST_FILE = MapApp/Info.plist;
				INFOPLIST_KEY_UIApplicationSceneManifest_Generation = YES;
				INFOPLIST_KEY_UIApplicationSupportsIndirectInputEvents = YES;
				INFOPLIST_KEY_UISupportedInterfaceOrientations_iPad = "UIInterfaceOrientationPortrait UIInterfaceOrientationPortraitUpsideDown UIInterfaceOrientationLandscapeLeft UIInterfaceOrientationLandscapeRight";
				INFOPLIST_KEY_UISupportedInterfaceOrientations_iPhone = "UIInterfaceOrientationPortrait UIInterfaceOrientationLandscapeLeft UIInterfaceOrientationLandscapeRight";
				LD_RUNPATH_SEARCH_PATHS = (
					"$(inherited)",
					"@executable_path/Frameworks",
				);
				MARKETING_VERSION = 1.0;
				PRODUCT_BUNDLE_IDENTIFIER = "SwiftUIMap.-SwiftUIMap";
				PRODUCT_NAME = SwiftUIMap;
				SWIFT_EMIT_LOC_STRINGS = YES;
				SWIFT_VERSION = 5.0;
				TARGETED_DEVICE_FAMILY = "1,2";
			};
			name = Release;
		};
/* End XCBuildConfiguration section */

/* Begin XCConfigurationList section */
		5AE1B28D280C8E0F00C3F695 /* Build configuration list for PBXProject "MapApp" */ = {
			isa = XCConfigurationList;
			buildConfigurations = (
				5AE1B29E280C8E1100C3F695 /* Debug */,
				5AE1B29F280C8E1100C3F695 /* Release */,
			);
			defaultConfigurationIsVisible = 0;
			defaultConfigurationName = Release;
		};
		5AE1B2A0280C8E1100C3F695 /* Build configuration list for PBXNativeTarget "MapApp" */ = {
			isa = XCConfigurationList;
			buildConfigurations = (
				5AE1B2A1280C8E1100C3F695 /* Debug */,
				5AE1B2A2280C8E1100C3F695 /* Release */,
			);
			defaultConfigurationIsVisible = 0;
			defaultConfigurationName = Release;
		};
/* End XCConfigurationList section */
	};
	rootObject = 5AE1B28A280C8E0F00C3F695 /* Project object */;
}
